
Microsoft Visual Studio Solution File, Format Version 12.00
# Visual Studio Version 17
VisualStudioVersion = 17.0.31903.59
MinimumVisualStudioVersion = 10.0.40219.1
Project("{9A19103F-16F7-4668-BE54-9A1E7A4F7556}") = "Portfolio.API", "src\Portfolio.API\Portfolio.API.csproj", "{AC73305E-6B4D-4FB0-AC8E-C40720D7CE63}"
EndProject
Project("{9A19103F-16F7-4668-BE54-9A1E7A4F7556}") = "Portfolio.Domain", "src\Portfolio.Domain\Portfolio.Domain.csproj", "{CFC0C3AB-DFFA-4099-8960-0BE7B0DC4F93}"
EndProject
Project("{9A19103F-16F7-4668-BE54-9A1E7A4F7556}") = "Portfolio.Infra", "src\Portfolio.Infra\Portfolio.Infra.csproj", "{915DABA3-8BFD-47F7-865F-C2BBB5E722BC}"
EndProject
Project("{9A19103F-16F7-4668-BE54-9A1E7A4F7556}") = "Portfolio.Services", "src\Portfolio.Services\Portfolio.Services.csproj", "{96854F7F-06D5-4267-8E62-33E8BF5D6458}"
EndProject
Global
	GlobalSection(SolutionConfigurationPlatforms) = preSolution
		Debug|Any CPU = Debug|Any CPU
		Release|Any CPU = Release|Any CPU
	EndGlobalSection
	GlobalSection(ProjectConfigurationPlatforms) = postSolution
		{AC73305E-6B4D-4FB0-AC8E-C40720D7CE63}.Debug|Any CPU.ActiveCfg = Debug|Any CPU
		{AC73305E-6B4D-4FB0-AC8E-C40720D7CE63}.Debug|Any CPU.Build.0 = Debug|Any CPU
		{AC73305E-6B4D-4FB0-AC8E-C40720D7CE63}.Release|Any CPU.ActiveCfg = Release|Any CPU
		{AC73305E-6B4D-4FB0-AC8E-C40720D7CE63}.Release|Any CPU.Build.0 = Release|Any CPU
		{CFC0C3AB-DFFA-4099-8960-0BE7B0DC4F93}.Debug|Any CPU.ActiveCfg = Debug|Any CPU
		{CFC0C3AB-DFFA-4099-8960-0BE7B0DC4F93}.Debug|Any CPU.Build.0 = Debug|Any CPU
		{CFC0C3AB-DFFA-4099-8960-0BE7B0DC4F93}.Release|Any CPU.ActiveCfg = Release|Any CPU
		{CFC0C3AB-DFFA-4099-8960-0BE7B0DC4F93}.Release|Any CPU.Build.0 = Release|Any CPU
		{915DABA3-8BFD-47F7-865F-C2BBB5E722BC}.Debug|Any CPU.ActiveCfg = Debug|Any CPU
		{915DABA3-8BFD-47F7-865F-C2BBB5E722BC}.Debug|Any CPU.Build.0 = Debug|Any CPU
		{915DABA3-8BFD-47F7-865F-C2BBB5E722BC}.Release|Any CPU.ActiveCfg = Release|Any CPU
		{915DABA3-8BFD-47F7-865F-C2BBB5E722BC}.Release|Any CPU.Build.0 = Release|Any CPU
		{96854F7F-06D5-4267-8E62-33E8BF5D6458}.Debug|Any CPU.ActiveCfg = Debug|Any CPU
		{96854F7F-06D5-4267-8E62-33E8BF5D6458}.Debug|Any CPU.Build.0 = Debug|Any CPU
		{96854F7F-06D5-4267-8E62-33E8BF5D6458}.Release|Any CPU.ActiveCfg = Release|Any CPU
		{96854F7F-06D5-4267-8E62-33E8BF5D6458}.Release|Any CPU.Build.0 = Release|Any CPU
	EndGlobalSection
	GlobalSection(SolutionProperties) = preSolution
		HideSolutionNode = FALSE
	EndGlobalSection
EndGlobal
